[[package]]
name = "humansize"
version = "1.1.0"
source = "registry+https://github.com/rust-lang/crates.io-index"

[[package]]
name = "project-cleanup"
version = "0.2.0"
dependencies = [
 "humansize 1.1.0 (registry+https://github.com/rust-lang/crates.io-index)",
]

[metadata]
"checksum humansize 1.1.0 (registry+https://github.com/rust-lang/crates.io-index)" = "b6cab2627acfc432780848602f3f558f7e9dd427352224b0d9324025796d2a5e"
